schema: '2.0'
stages:
  load_data:
    cmd: python scripts/data.py
    deps:
    - path: scripts/data.py
      hash: md5
      md5: f83da458e4d8edbe8e6f6bfb418bfcd6
      size: 1935
    params:
      params.yaml:
        index_col: flat_id
        source_table: flats_buildings_clean
    outs:
    - path: data/initial_data.csv
      hash: md5
      md5: 537f39ffc045e8054a2b12cbee510992
      size: 18998968
  fit_model:
    cmd: python scripts/fit.py
    deps:
    - path: data/initial_data.csv
      hash: md5
      md5: 537f39ffc045e8054a2b12cbee510992
      size: 18998968
    - path: scripts/fit.py
      hash: md5
      md5: 30a24afff561e5201163119369131b8f
      size: 3095
    params:
      params.yaml:
        experiment_name: flats_buildings_baseline
        index_col: flat_id
        one_hot_drop: if_binary
        random_state: 42
        ridge_alpha: 1.0
        target_col: price
    outs:
    - path: models/fitted_model.pkl
      hash: md5
      md5: 48382ed4642a6d5a72f4447baba84fa7
      size: 4750
  evaluate_model:
    cmd: python scripts/evaluate.py
    deps:
    - path: data/initial_data.csv
      hash: md5
      md5: 537f39ffc045e8054a2b12cbee510992
      size: 18998968
    - path: models/fitted_model.pkl
      hash: md5
      md5: 48382ed4642a6d5a72f4447baba84fa7
      size: 4750
    - path: scripts/evaluate.py
      hash: md5
      md5: 561bf92c2cd0b9963541bed516cf1483
      size: 2523
    params:
      params.yaml:
        experiment_name: flats_buildings_baseline
        index_col: flat_id
        metrics:
        - neg_mean_absolute_error
        - neg_root_mean_squared_error
        - r2
        n_jobs: -1
        n_splits: 5
        random_state: 42
        target_col: price
    outs:
    - path: cv_results/cv_res.json
      hash: md5
      md5: c0b9d6bd419fc3f4fb40cd61c281299c
      size: 172
